// !$*UTF8*$!
{
	archiveVersion = 1;
	classes = {
	};
	objectVersion = 50;
	objects = {

/* Begin PBXBuildFile section */
		BD9C2CAC2747A331006D1390 /* AppDelegate.swift in Sources */ = {isa = PBXBuildFile; fileRef = BD9C2CAB2747A331006D1390 /* AppDelegate.swift */; };
		BD9C2CAE2747A331006D1390 /* SceneDelegate.swift in Sources */ = {isa = PBXBuildFile; fileRef = BD9C2CAD2747A331006D1390 /* SceneDelegate.swift */; };
		BD9C2CB02747A331006D1390 /* ViewController.swift in Sources */ = {isa = PBXBuildFile; fileRef = BD9C2CAF2747A331006D1390 /* ViewController.swift */; };
		BD9C2CB32747A331006D1390 /* Main.storyboard in Resources */ = {isa = PBXBuildFile; fileRef = BD9C2CB12747A331006D1390 /* Main.storyboard */; };
		BD9C2CB52747A334006D1390 /* Assets.xcassets in Resources */ = {isa = PBXBuildFile; fileRef = BD9C2CB42747A334006D1390 /* Assets.xcassets */; };
		BD9C2CB82747A334006D1390 /* LaunchScreen.storyboard in Resources */ = {isa = PBXBuildFile; fileRef = BD9C2CB62747A334006D1390 /* LaunchScreen.storyboard */; };
		BD9C2CC32747A334006D1390 /* CustomRadiusTabAttributeLabelTests.swift in Sources */ = {isa = PBXBuildFile; fileRef = BD9C2CC22747A334006D1390 /* CustomRadiusTabAttributeLabelTests.swift */; };
		BD9C2CCE2747A334006D1390 /* CustomRadiusTabAttributeLabelUITests.swift in Sources */ = {isa = PBXBuildFile; fileRef = BD9C2CCD2747A334006D1390 /* CustomRadiusTabAttributeLabelUITests.swift */; };
/* End PBXBuildFile section */

/* Begin PBXContainerItemProxy section */
		BD9C2CBF2747A334006D1390 /* PBXContainerItemProxy */ = {
			isa = PBXContainerItemProxy;
			containerPortal = BD9C2CA02747A331006D1390 /* Project object */;
			proxyType = 1;
			remoteGlobalIDString = BD9C2CA72747A331006D1390;
			remoteInfo = CustomRadiusTabAttributeLabel;
		};
		BD9C2CCA2747A334006D1390 /* PBXContainerItemProxy */ = {
			isa = PBXContainerItemProxy;
			containerPortal = BD9C2CA02747A331006D1390 /* Project object */;
			proxyType = 1;
			remoteGlobalIDString = BD9C2CA72747A331006D1390;
			remoteInfo = CustomRadiusTabAttributeLabel;
		};
/* End PBXContainerItemProxy section */

/* Begin PBXFileReference section */
		BD9C2CA82747A331006D1390 /* CustomRadiusTabAttributeLabel.app */ = {isa = PBXFileReference; explicitFileType = wrapper.application; includeInIndex = 0; path = CustomRadiusTabAttributeLabel.app; sourceTree = BUILT_PRODUCTS_DIR; };
		BD9C2CAB2747A331006D1390 /* AppDelegate.swift */ = {isa = PBXFileReference; lastKnownFileType = sourcecode.swift; path = AppDelegate.swift; sourceTree = "<group>"; };
		BD9C2CAD2747A331006D1390 /* SceneDelegate.swift */ = {isa = PBXFileReference; lastKnownFileType = sourcecode.swift; path = SceneDelegate.swift; sourceTree = "<group>"; };
		BD9C2CAF2747A331006D1390 /* ViewController.swift */ = {isa = PBXFileReference; lastKnownFileType = sourcecode.swift; path = ViewController.swift; sourceTree = "<group>"; };
		BD9C2CB22747A331006D1390 /* Base */ = {isa = PBXFileReference; lastKnownFileType = file.storyboard; name = Base; path = Base.lproj/Main.storyboard; sourceTree = "<group>"; };
		BD9C2CB42747A334006D1390 /* Assets.xcassets */ = {isa = PBXFileReference; lastKnownFileType = folder.assetcatalog; path = Assets.xcassets; sourceTree = "<group>"; };
		BD9C2CB72747A334006D1390 /* Base */ = {isa = PBXFileReference; lastKnownFileType = file.storyboard; name = Base; path = Base.lproj/LaunchScreen.storyboard; sourceTree = "<group>"; };
		BD9C2CB92747A334006D1390 /* Info.plist */ = {isa = PBXFileReference; lastKnownFileType = text.plist.xml; path = Info.plist; sourceTree = "<group>"; };
		BD9C2CBE2747A334006D1390 /* CustomRadiusTabAttributeLabelTests.xctest */ = {isa = PBXFileReference; explicitFileType = wrapper.cfbundle; includeInIndex = 0; path = CustomRadiusTabAttributeLabelTests.xctest; sourceTree = BUILT_PRODUCTS_DIR; };
		BD9C2CC22747A334006D1390 /* CustomRadiusTabAttributeLabelTests.swift */ = {isa = PBXFileReference; lastKnownFileType = sourcecode.swift; path = CustomRadiusTabAttributeLabelTests.swift; sourceTree = "<group>"; };
		BD9C2CC42747A334006D1390 /* Info.plist */ = {isa = PBXFileReference; lastKnownFileType = text.plist.xml; path = Info.plist; sourceTree = "<group>"; };
		BD9C2CC92747A334006D1390 /* CustomRadiusTabAttributeLabelUITests.xctest */ = {isa = PBXFileReference; explicitFileType = wrapper.cfbundle; includeInIndex = 0; path = CustomRadiusTabAttributeLabelUITests.xctest; sourceTree = BUILT_PRODUCTS_DIR; };
		BD9C2CCD2747A334006D1390 /* CustomRadiusTabAttributeLabelUITests.swift */ = {isa = PBXFileReference; lastKnownFileType = sourcecode.swift; path = CustomRadiusTabAttributeLabelUITests.swift; sourceTree = "<group>"; };
		BD9C2CCF2747A334006D1390 /* Info.plist */ = {isa = PBXFileReference; lastKnownFileType = text.plist.xml; path = Info.plist; sourceTree = "<group>"; };
/* End PBXFileReference section */

/* Begin PBXFrameworksBuildPhase section */
		BD9C2CA52747A331006D1390 /* Frameworks */ = {
			isa = PBXFrameworksBuildPhase;
			buildActionMask = 2147483647;
			files = (
			);
			runOnlyForDeploymentPostprocessing = 0;
		};
		BD9C2CBB2747A334006D1390 /* Frameworks */ = {
			isa = PBXFrameworksBuildPhase;
			buildActionMask = 2147483647;
			files = (
			);
			runOnlyForDeploymentPostprocessing = 0;
		};
		BD9C2CC62747A334006D1390 /* Frameworks */ = {
			isa = PBXFrameworksBuildPhase;
			buildActionMask = 2147483647;
			files = (
			);
			runOnlyForDeploymentPostprocessing = 0;
		};
/* End PBXFrameworksBuildPhase section */

/* Begin PBXGroup section */
		BD9C2C9F2747A331006D1390 = {
			isa = PBXGroup;
			children = (
				BD9C2CAA2747A331006D1390 /* CustomRadiusTabAttributeLabel */,
				BD9C2CC12747A334006D1390 /* CustomRadiusTabAttributeLabelTests */,
				BD9C2CCC2747A334006D1390 /* CustomRadiusTabAttributeLabelUITests */,
				BD9C2CA92747A331006D1390 /* Products */,
			);
			sourceTree = "<group>";
		};
		BD9C2CA92747A331006D1390 /* Products */ = {
			isa = PBXGroup;
			children = (
				BD9C2CA82747A331006D1390 /* CustomRadiusTabAttributeLabel.app */,
				BD9C2CBE2747A334006D1390 /* CustomRadiusTabAttributeLabelTests.xctest */,
				BD9C2CC92747A334006D1390 /* CustomRadiusTabAttributeLabelUITests.xctest */,
			);
			name = Products;
			sourceTree = "<group>";
		};
		BD9C2CAA2747A331006D1390 /* CustomRadiusTabAttributeLabel */ = {
			isa = PBXGroup;
			children = (
				BD9C2CAB2747A331006D1390 /* AppDelegate.swift */,
				BD9C2CAD2747A331006D1390 /* SceneDelegate.swift */,
				BD9C2CAF2747A331006D1390 /* ViewController.swift */,
				BD9C2CB12747A331006D1390 /* Main.storyboard */,
				BD9C2CB42747A334006D1390 /* Assets.xcassets */,
				BD9C2CB62747A334006D1390 /* LaunchScreen.storyboard */,
				BD9C2CB92747A334006D1390 /* Info.plist */,
			);
			path = CustomRadiusTabAttributeLabel;
			sourceTree = "<group>";
		};
		BD9C2CC12747A334006D1390 /* CustomRadiusTabAttributeLabelTests */ = {
			isa = PBXGroup;
			children = (
				BD9C2CC22747A334006D1390 /* CustomRadiusTabAttributeLabelTests.swift */,
				BD9C2CC42747A334006D1390 /* Info.plist */,
			);
			path = CustomRadiusTabAttributeLabelTests;
			sourceTree = "<group>";
		};
		BD9C2CCC2747A334006D1390 /* CustomRadiusTabAttributeLabelUITests */ = {
			isa = PBXGroup;
			children = (
				BD9C2CCD2747A334006D1390 /* CustomRadiusTabAttributeLabelUITests.swift */,
				BD9C2CCF2747A334006D1390 /* Info.plist */,
			);
			path = CustomRadiusTabAttributeLabelUITests;
			sourceTree = "<group>";
		};
/* End PBXGroup section */

/* Begin PBXNativeTarget section */
		BD9C2CA72747A331006D1390 /* CustomRadiusTabAttributeLabel */ = {
			isa = PBXNativeTarget;
			buildConfigurationList = BD9C2CD22747A334006D1390 /* Build configuration list for PBXNativeTarget "CustomRadiusTabAttributeLabel" */;
			buildPhases = (
				BD9C2CA42747A331006D1390 /* Sources */,
				BD9C2CA52747A331006D1390 /* Frameworks */,
				BD9C2CA62747A331006D1390 /* Resources */,
			);
			buildRules = (
			);
			dependencies = (
			);
			name = CustomRadiusTabAttributeLabel;
			productName = CustomRadiusTabAttributeLabel;
			productReference = BD9C2CA82747A331006D1390 /* CustomRadiusTabAttributeLabel.app */;
			productType = "com.apple.product-type.application";
		};
		BD9C2CBD2747A334006D1390 /* CustomRadiusTabAttributeLabelTests */ = {
			isa = PBXNativeTarget;
			buildConfigurationList = BD9C2CD52747A334006D1390 /* Build configuration list for PBXNativeTarget "CustomRadiusTabAttributeLabelTests" */;
			buildPhases = (
				BD9C2CBA2747A334006D1390 /* Sources */,
				BD9C2CBB2747A334006D1390 /* Frameworks */,
				BD9C2CBC2747A334006D1390 /* Resources */,
			);
			buildRules = (
			);
			dependencies = (
				BD9C2CC02747A334006D1390 /* PBXTargetDependency */,
			);
			name = CustomRadiusTabAttributeLabelTests;
			productName = CustomRadiusTabAttributeLabelTests;
			productReference = BD9C2CBE2747A334006D1390 /* CustomRadiusTabAttributeLabelTests.xctest */;
			productType = "com.apple.product-type.bundle.unit-test";
		};
		BD9C2CC82747A334006D1390 /* CustomRadiusTabAttributeLabelUITests */ = {
			isa = PBXNativeTarget;
			buildConfigurationList = BD9C2CD82747A334006D1390 /* Build configuration list for PBXNativeTarget "CustomRadiusTabAttributeLabelUITests" */;
			buildPhases = (
				BD9C2CC52747A334006D1390 /* Sources */,
				BD9C2CC62747A334006D1390 /* Frameworks */,
				BD9C2CC72747A334006D1390 /* Resources */,
			);
			buildRules = (
			);
			dependencies = (
				BD9C2CCB2747A334006D1390 /* PBXTargetDependency */,
			);
			name = CustomRadiusTabAttributeLabelUITests;
			productName = CustomRadiusTabAttributeLabelUITests;
			productReference = BD9C2CC92747A334006D1390 /* CustomRadiusTabAttributeLabelUITests.xctest */;
			productType = "com.apple.product-type.bundle.ui-testing";
		};
/* End PBXNativeTarget section */

/* Begin PBXProject section */
		BD9C2CA02747A331006D1390 /* Project object */ = {
			isa = PBXProject;
			attributes = {
				LastSwiftUpdateCheck = 1240;
				LastUpgradeCheck = 1240;
				TargetAttributes = {
					BD9C2CA72747A331006D1390 = {
						CreatedOnToolsVersion = 12.4;
					};
					BD9C2CBD2747A334006D1390 = {
						CreatedOnToolsVersion = 12.4;
						TestTargetID = BD9C2CA72747A331006D1390;
					};
					BD9C2CC82747A334006D1390 = {
						CreatedOnToolsVersion = 12.4;
						TestTargetID = BD9C2CA72747A331006D1390;
					};
				};
			};
			buildConfigurationList = BD9C2CA32747A331006D1390 /* Build configuration list for PBXProject "CustomRadiusTabAttributeLabel" */;
			compatibilityVersion = "Xcode 9.3";
			developmentRegion = en;
			hasScannedForEncodings = 0;
			knownRegions = (
				en,
				Base,
			);
			mainGroup = BD9C2C9F2747A331006D1390;
			productRefGroup = BD9C2CA92747A331006D1390 /* Products */;
			projectDirPath = "";
			projectRoot = "";
			targets = (
				BD9C2CA72747A331006D1390 /* CustomRadiusTabAttributeLabel */,
				BD9C2CBD2747A334006D1390 /* CustomRadiusTabAttributeLabelTests */,
				BD9C2CC82747A334006D1390 /* CustomRadiusTabAttributeLabelUITests */,
			);
		};
/* End PBXProject section */

/* Begin PBXResourcesBuildPhase section */
		BD9C2CA62747A331006D1390 /* Resources */ = {
			isa = PBXResourcesBuildPhase;
			buildActionMask = 2147483647;
			files = (
				BD9C2CB82747A334006D1390 /* LaunchScreen.storyboard in Resources */,
				BD9C2CB52747A334006D1390 /* Assets.xcassets in Resources */,
				BD9C2CB32747A331006D1390 /* Main.storyboard in Resources */,
			);
			runOnlyForDeploymentPostprocessing = 0;
		};
		BD9C2CBC2747A334006D1390 /* Resources */ = {
			isa = PBXResourcesBuildPhase;
			buildActionMask = 2147483647;
			files = (
			);
			runOnlyForDeploymentPostprocessing = 0;
		};
		BD9C2CC72747A334006D1390 /* Resources */ = {
			isa = PBXResourcesBuildPhase;
			buildActionMask = 2147483647;
			files = (
			);
			runOnlyForDeploymentPostprocessing = 0;
		};
/* End PBXResourcesBuildPhase section */

/* Begin PBXSourcesBuildPhase section */
		BD9C2CA42747A331006D1390 /* Sources */ = {
			isa = PBXSourcesBuildPhase;
			buildActionMask = 2147483647;
			files = (
				BD9C2CB02747A331006D1390 /* ViewController.swift in Sources */,
				BD9C2CAC2747A331006D1390 /* AppDelegate.swift in Sources */,
				BD9C2CAE2747A331006D1390 /* SceneDelegate.swift in Sources */,
			);
			runOnlyForDeploymentPostprocessing = 0;
		};
		BD9C2CBA2747A334006D1390 /* Sources */ = {
			isa = PBXSourcesBuildPhase;
			buildActionMask = 2147483647;
			files = (
				BD9C2CC32747A334006D1390 /* CustomRadiusTabAttributeLabelTests.swift in Sources */,
			);
			runOnlyForDeploymentPostprocessing = 0;
		};
		BD9C2CC52747A334006D1390 /* Sources */ = {
			isa = PBXSourcesBuildPhase;
			buildActionMask = 2147483647;
			files = (
				BD9C2CCE2747A334006D1390 /* CustomRadiusTabAttributeLabelUITests.swift in Sources */,
			);
			runOnlyForDeploymentPostprocessing = 0;
		};
/* End PBXSourcesBuildPhase section */

/* Begin PBXTargetDependency section */
		BD9C2CC02747A334006D1390 /* PBXTargetDependency */ = {
			isa = PBXTargetDependency;
			target = BD9C2CA72747A331006D1390 /* CustomRadiusTabAttributeLabel */;
			targetProxy = BD9C2CBF2747A334006D1390 /* PBXContainerItemProxy */;
		};
		BD9C2CCB2747A334006D1390 /* PBXTargetDependency */ = {
			isa = PBXTargetDependency;
			target = BD9C2CA72747A331006D1390 /* CustomRadiusTabAttributeLabel */;
			targetProxy = BD9C2CCA2747A334006D1390 /* PBXContainerItemProxy */;
		};
/* End PBXTargetDependency section */

/* Begin PBXVariantGroup section */
		BD9C2CB12747A331006D1390 /* Main.storyboard */ = {
			isa = PBXVariantGroup;
			children = (
				BD9C2CB22747A331006D1390 /* Base */,
			);
			name = Main.storyboard;
			sourceTree = "<group>";
		};
		BD9C2CB62747A334006D1390 /* LaunchScreen.storyboard */ = {
			isa = PBXVariantGroup;
			children = (
				BD9C2CB72747A334006D1390 /* Base */,
			);
			name = LaunchScreen.storyboard;
			sourceTree = "<group>";
		};
/* End PBXVariantGroup section */

/* Begin XCBuildConfiguration section */
		BD9C2CD02747A334006D1390 /* Debug */ = {
			isa = XCBuildConfiguration;
			buildSettings = {
				ALWAYS_SEARCH_USER_PATHS = NO;
				CLANG_ANALYZER_NONNULL = YES;
				CLANG_ANALYZER_NUMBER_OBJECT_CONVERSION = YES_AGGRESSIVE;
				CLANG_CXX_LANGUAGE_STANDARD = "gnu++14";
				CLANG_CXX_LIBRARY = "libc++";
				CLANG_ENABLE_MODULES = YES;
				CLANG_ENABLE_OBJC_ARC = YES;
				CLANG_ENABLE_OBJC_WEAK = YES;
				CLANG_WARN_BLOCK_CAPTURE_AUTORELEASING = YES;
				CLANG_WARN_BOOL_CONVERSION = YES;
				CLANG_WARN_COMMA = YES;
				CLANG_WARN_CONSTANT_CONVERSION = YES;
				CLANG_WARN_DEPRECATED_OBJC_IMPLEMENTATIONS = YES;
				CLANG_WARN_DIRECT_OBJC_ISA_USAGE = YES_ERROR;
				CLANG_WARN_DOCUMENTATION_COMMENTS = YES;
				CLANG_WARN_EMPTY_BODY = YES;
				CLANG_WARN_ENUM_CONVERSION = YES;
				CLANG_WARN_INFINITE_RECURSION = YES;
				CLANG_WARN_INT_CONVERSION = YES;
				CLANG_WARN_NON_LITERAL_NULL_CONVERSION = YES;
				CLANG_WARN_OBJC_IMPLICIT_RETAIN_SELF = YES;
				CLANG_WARN_OBJC_LITERAL_CONVERSION = YES;
				CLANG_WARN_OBJC_ROOT_CLASS = YES_ERROR;
				CLANG_WARN_QUOTED_INCLUDE_IN_FRAMEWORK_HEADER = YES;
				CLANG_WARN_RANGE_LOOP_ANALYSIS = YES;
				CLANG_WARN_STRICT_PROTOTYPES = YES;
				CLANG_WARN_SUSPICIOUS_MOVE = YES;
				CLANG_WARN_UNGUARDED_AVAILABILITY = YES_AGGRESSIVE;
				CLANG_WARN_UNREACHABLE_CODE = YES;
				CLANG_WARN__DUPLICATE_METHOD_MATCH = YES;
				COPY_PHASE_STRIP = NO;
				DEBUG_INFORMATION_FORMAT = dwarf;
				ENABLE_STRICT_OBJC_MSGSEND = YES;
				ENABLE_TESTABILITY = YES;
				GCC_C_LANGUAGE_STANDARD = gnu11;
				GCC_DYNAMIC_NO_PIC = NO;
				GCC_NO_COMMON_BLOCKS = YES;
				GCC_OPTIMIZATION_LEVEL = 0;
				GCC_PREPROCESSOR_DEFINITIONS = (
					"DEBUG=1",
					"$(inherited)",
				);
				GCC_WARN_64_TO_32_BIT_CONVERSION = YES;
				GCC_WARN_ABOUT_RETURN_TYPE = YES_ERROR;
				GCC_WARN_UNDECLARED_SELECTOR = YES;
				GCC_WARN_UNINITIALIZED_AUTOS = YES_AGGRESSIVE;
				GCC_WARN_UNUSED_FUNCTION = YES;
				GCC_WARN_UNUSED_VARIABLE = YES;
				IPHONEOS_DEPLOYMENT_TARGET = 14.4;
				MTL_ENABLE_DEBUG_INFO = INCLUDE_SOURCE;
				MTL_FAST_MATH = YES;
				ONLY_ACTIVE_ARCH = YES;
				SDKROOT = iphoneos;
				SWIFT_ACTIVE_COMPILATION_CONDITIONS = DEBUG;
				SWIFT_OPTIMIZATION_LEVEL = "-Onone";
			};
			name = Debug;
		};
		BD9C2CD12747A334006D1390 /* Release */ = {
			isa = XCBuildConfiguration;
			buildSettings = {
				ALWAYS_SEARCH_USER_PATHS = NO;
				CLANG_ANALYZER_NONNULL = YES;
				CLANG_ANALYZER_NUMBER_OBJECT_CONVERSION = YES_AGGRESSIVE;
				CLANG_CXX_LANGUAGE_STANDARD = "gnu++14";
				CLANG_CXX_LIBRARY = "libc++";
				CLANG_ENABLE_MODULES = YES;
				CLANG_ENABLE_OBJC_ARC = YES;
				CLANG_ENABLE_OBJC_WEAK = YES;
				CLANG_WARN_BLOCK_CAPTURE_AUTORELEASING = YES;
				CLANG_WARN_BOOL_CONVERSION = YES;
				CLANG_WARN_COMMA = YES;
				CLANG_WARN_CONSTANT_CONVERSION = YES;
				CLANG_WARN_DEPRECATED_OBJC_IMPLEMENTATIONS = YES;
				CLANG_WARN_DIRECT_OBJC_ISA_USAGE = YES_ERROR;
				CLANG_WARN_DOCUMENTATION_COMMENTS = YES;
				CLANG_WARN_EMPTY_BODY = YES;
				CLANG_WARN_ENUM_CONVERSION = YES;
				CLANG_WARN_INFINITE_RECURSION = YES;
				CLANG_WARN_INT_CONVERSION = YES;
				CLANG_WARN_NON_LITERAL_NULL_CONVERSION = YES;
				CLANG_WARN_OBJC_IMPLICIT_RETAIN_SELF = YES;
				CLANG_WARN_OBJC_LITERAL_CONVERSION = YES;
				CLANG_WARN_OBJC_ROOT_CLASS = YES_ERROR;
				CLANG_WARN_QUOTED_INCLUDE_IN_FRAMEWORK_HEADER = YES;
				CLANG_WARN_RANGE_LOOP_ANALYSIS = YES;
				CLANG_WARN_STRICT_PROTOTYPES = YES;
				CLANG_WARN_SUSPICIOUS_MOVE = YES;
				CLANG_WARN_UNGUARDED_AVAILABILITY = YES_AGGRESSIVE;
				CLANG_WARN_UNREACHABLE_CODE = YES;
				CLANG_WARN__DUPLICATE_METHOD_MATCH = YES;
				COPY_PHASE_STRIP = NO;
				DEBUG_INFORMATION_FORMAT = "dwarf-with-dsym";
				ENABLE_NS_ASSERTIONS = NO;
				ENABLE_STRICT_OBJC_MSGSEND = YES;
				GCC_C_LANGUAGE_STANDARD = gnu11;
				GCC_NO_COMMON_BLOCKS = YES;
				GCC_WARN_64_TO_32_BIT_CONVERSION = YES;
				GCC_WARN_ABOUT_RETURN_TYPE = YES_ERROR;
				GCC_WARN_UNDECLARED_SELECTOR = YES;
				GCC_WARN_UNINITIALIZED_AUTOS = YES_AGGRESSIVE;
				GCC_WARN_UNUSED_FUNCTION = YES;
				GCC_WARN_UNUSED_VARIABLE = YES;
				IPHONEOS_DEPLOYMENT_TARGET = 14.4;
				MTL_ENABLE_DEBUG_INFO = NO;
				MTL_FAST_MATH = YES;
				SDKROOT = iphoneos;
				SWIFT_COMPILATION_MODE = wholemodule;
				SWIFT_OPTIMIZATION_LEVEL = "-O";
				VALIDATE_PRODUCT = YES;
			};
			name = Release;
		};
		BD9C2CD32747A334006D1390 /* Debug */ = {
			isa = XCBuildConfiguration;
			buildSettings = {
				ASSETCATALOG_COMPILER_APPICON_NAME = AppIcon;
				ASSETCATALOG_COMPILER_GLOBAL_ACCENT_COLOR_NAME = AccentColor;
				CODE_SIGN_STYLE = Automatic;
				DEVELOPMENT_TEAM = 9K66U7FD67;
				INFOPLIST_FILE = CustomRadiusTabAttributeLabel/Info.plist;
				LD_RUNPATH_SEARCH_PATHS = (
					"$(inherited)",
					"@executable_path/Frameworks",
				);
				PRODUCT_BUNDLE_IDENTIFIER = yz.com.CustomRadiusTabAttributeLabel;
				PRODUCT_NAME = "$(TARGET_NAME)";
				SWIFT_VERSION = 5.0;
				TARGETED_DEVICE_FAMILY = "1,2";
			};
			name = Debug;
		};
		BD9C2CD42747A334006D1390 /* Release */ = {
			isa = XCBuildConfiguration;
			buildSettings = {
				ASSETCATALOG_COMPILER_APPICON_NAME = AppIcon;
				ASSETCATALOG_COMPILER_GLOBAL_ACCENT_COLOR_NAME = AccentColor;
				CODE_SIGN_STYLE = Automatic;
				DEVELOPMENT_TEAM = 9K66U7FD67;
				INFOPLIST_FILE = CustomRadiusTabAttributeLabel/Info.plist;
				LD_RUNPATH_SEARCH_PATHS = (
					"$(inherited)",
					"@executable_path/Frameworks",
				);
				PRODUCT_BUNDLE_IDENTIFIER = yz.com.CustomRadiusTabAttributeLabel;
				PRODUCT_NAME = "$(TARGET_NAME)";
				SWIFT_VERSION = 5.0;
				TARGETED_DEVICE_FAMILY = "1,2";
			};
			name = Release;
		};
		BD9C2CD62747A334006D1390 /* Debug */ = {
			isa = XCBuildConfiguration;
			buildSettings = {
				ALWAYS_EMBED_SWIFT_STANDARD_LIBRARIES = YES;
				BUNDLE_LOADER = "$(TEST_HOST)";
				CODE_SIGN_STYLE = Automatic;
				DEVELOPMENT_TEAM = 9K66U7FD67;
				INFOPLIST_FILE = CustomRadiusTabAttributeLabelTests/Info.plist;
				IPHONEOS_DEPLOYMENT_TARGET = 14.4;
				LD_RUNPATH_SEARCH_PATHS = (
					"$(inherited)",
					"@executable_path/Frameworks",
					"@loader_path/Frameworks",
				);
				PRODUCT_BUNDLE_IDENTIFIER = yz.com.CustomRadiusTabAttributeLabelTests;
				PRODUCT_NAME = "$(TARGET_NAME)";
				SWIFT_VERSION = 5.0;
				TARGETED_DEVICE_FAMILY = "1,2";
				TEST_HOST = "$(BUILT_PRODUCTS_DIR)/CustomRadiusTabAttributeLabel.app/CustomRadiusTabAttributeLabel";
			};
			name = Debug;
		};
		BD9C2CD72747A334006D1390 /* Release */ = {
			isa = XCBuildConfiguration;
			buildSettings = {
				ALWAYS_EMBED_SWIFT_STANDARD_LIBRARIES = YES;
				BUNDLE_LOADER = "$(TEST_HOST)";
				CODE_SIGN_STYLE = Automatic;
				DEVELOPMENT_TEAM = 9K66U7FD67;
				INFOPLIST_FILE = CustomRadiusTabAttributeLabelTests/Info.plist;
				IPHONEOS_DEPLOYMENT_TARGET = 14.4;
				LD_RUNPATH_SEARCH_PATHS = (
					"$(inherited)",
					"@executable_path/Frameworks",
					"@loader_path/Frameworks",
				);
				PRODUCT_BUNDLE_IDENTIFIER = yz.com.CustomRadiusTabAttributeLabelTests;
				PRODUCT_NAME = "$(TARGET_NAME)";
				SWIFT_VERSION = 5.0;
				TARGETED_DEVICE_FAMILY = "1,2";
				TEST_HOST = "$(BUILT_PRODUCTS_DIR)/CustomRadiusTabAttributeLabel.app/CustomRadiusTabAttributeLabel";
			};
			name = Release;
		};
		BD9C2CD92747A334006D1390 /* Debug */ = {
			isa = XCBuildConfiguration;
			buildSettings = {
				ALWAYS_EMBED_SWIFT_STANDARD_LIBRARIES = YES;
				CODE_SIGN_STYLE = Automatic;
				DEVELOPMENT_TEAM = 9K66U7FD67;
				INFOPLIST_FILE = CustomRadiusTabAttributeLabelUITests/Info.plist;
				LD_RUNPATH_SEARCH_PATHS = (
					"$(inherited)",
					"@executable_path/Frameworks",
					"@loader_path/Frameworks",
				);
				PRODUCT_BUNDLE_IDENTIFIER = yz.com.CustomRadiusTabAttributeLabelUITests;
				PRODUCT_NAME = "$(TARGET_NAME)";
				SWIFT_VERSION = 5.0;
				TARGETED_DEVICE_FAMILY = "1,2";
				TEST_TARGET_NAME = CustomRadiusTabAttributeLabel;
			};
			name = Debug;
		};
		BD9C2CDA2747A334006D1390 /* Release */ = {
			isa = XCBuildConfiguration;
			buildSettings = {
				ALWAYS_EMBED_SWIFT_STANDARD_LIBRARIES = YES;
				CODE_SIGN_STYLE = Automatic;
				DEVELOPMENT_TEAM = 9K66U7FD67;
				INFOPLIST_FILE = CustomRadiusTabAttributeLabelUITests/Info.plist;
				LD_RUNPATH_SEARCH_PATHS = (
					"$(inherited)",
					"@executable_path/Frameworks",
					"@loader_path/Frameworks",
				);
				PRODUCT_BUNDLE_IDENTIFIER = yz.com.CustomRadiusTabAttributeLabelUITests;
				PRODUCT_NAME = "$(TARGET_NAME)";
				SWIFT_VERSION = 5.0;
				TARGETED_DEVICE_FAMILY = "1,2";
				TEST_TARGET_NAME = CustomRadiusTabAttributeLabel;
			};
			name = Release;
		};
/* End XCBuildConfiguration section */

/* Begin XCConfigurationList section */
		BD9C2CA32747A331006D1390 /* Build configuration list for PBXProject "CustomRadiusTabAttributeLabel" */ = {
			isa = XCConfigurationList;
			buildConfigurations = (
				BD9C2CD02747A334006D1390 /* Debug */,
				BD9C2CD12747A334006D1390 /* Release */,
			);
			defaultConfigurationIsVisible = 0;
			defaultConfigurationName = Release;
		};
		BD9C2CD22747A334006D1390 /* Build configuration list for PBXNativeTarget "CustomRadiusTabAttributeLabel" */ = {
			isa = XCConfigurationList;
			buildConfigurations = (
				BD9C2CD32747A334006D1390 /* Debug */,
				BD9C2CD42747A334006D1390 /* Release */,
			);
			defaultConfigurationIsVisible = 0;
			defaultConfigurationName = Release;
		};
		BD9C2CD52747A334006D1390 /* Build configuration list for PBXNativeTarget "CustomRadiusTabAttributeLabelTests" */ = {
			isa = XCConfigurationList;
			buildConfigurations = (
				BD9C2CD62747A334006D1390 /* Debug */,
				BD9C2CD72747A334006D1390 /* Release */,
			);
			defaultConfigurationIsVisible = 0;
			defaultConfigurationName = Release;
		};
		BD9C2CD82747A334006D1390 /* Build configuration list for PBXNativeTarget "CustomRadiusTabAttributeLabelUITests" */ = {
			isa = XCConfigurationList;
			buildConfigurations = (
				BD9C2CD92747A334006D1390 /* Debug */,
				BD9C2CDA2747A334006D1390 /* Release */,
			);
			defaultConfigurationIsVisible = 0;
			defaultConfigurationName = Release;
		};
/* End XCConfigurationList section */
	};
	rootObject = BD9C2CA02747A331006D1390 /* Project object */;
}
